// !$*UTF8*$!
{
	archiveVersion = 1;
	classes = {
	};
	objectVersion = 48;
	objects = {

/* Begin PBXBuildFile section */
		4A00A465E4768164B94D8B03 /* libPods-HYToolDemo.a in Frameworks */ = {isa = PBXBuildFile; fileRef = DEAC7BBA16A56039B35E6424 /* libPods-HYToolDemo.a */; };
		8E9697FF1FABFE7C002526FE /* HYRegexTool.m in Sources */ = {isa = PBXBuildFile; fileRef = 8E9697FE1FABFE7C002526FE /* HYRegexTool.m */; };
		8ECDF21C1FA71EE600477E8E /* AppDelegate.m in Sources */ = {isa = PBXBuildFile; fileRef = 8ECDF21B1FA71EE600477E8E /* AppDelegate.m */; };
		8ECDF21F1FA71EE600477E8E /* ViewController.m in Sources */ = {isa = PBXBuildFile; fileRef = 8ECDF21E1FA71EE600477E8E /* ViewController.m */; };
		8ECDF2221FA71EE600477E8E /* Main.storyboard in Resources */ = {isa = PBXBuildFile; fileRef = 8ECDF2201FA71EE600477E8E /* Main.storyboard */; };
		8ECDF2241FA71EE600477E8E /* Assets.xcassets in Resources */ = {isa = PBXBuildFile; fileRef = 8ECDF2231FA71EE600477E8E /* Assets.xcassets */; };
		8ECDF2271FA71EE600477E8E /* LaunchScreen.storyboard in Resources */ = {isa = PBXBuildFile; fileRef = 8ECDF2251FA71EE600477E8E /* LaunchScreen.storyboard */; };
		8ECDF22A1FA71EE600477E8E /* main.m in Sources */ = {isa = PBXBuildFile; fileRef = 8ECDF2291FA71EE600477E8E /* main.m */; };
		8ECDF2331FA71F0A00477E8E /* HYPathTool.m in Sources */ = {isa = PBXBuildFile; fileRef = 8ECDF2321FA71EFE00477E8E /* HYPathTool.m */; };
/* End PBXBuildFile section */

/* Begin PBXFileReference section */
		460C1EA5490836468CE95CC0 /* Pods-HYToolDemo.debug.xcconfig */ = {isa = PBXFileReference; includeInIndex = 1; lastKnownFileType = text.xcconfig; name = "Pods-HYToolDemo.debug.xcconfig"; path = "Pods/Target Support Files/Pods-HYToolDemo/Pods-HYToolDemo.debug.xcconfig"; sourceTree = "<group>"; };
		88C47A1336D763C9A9899130 /* Pods-HYToolDemo.release.xcconfig */ = {isa = PBXFileReference; includeInIndex = 1; lastKnownFileType = text.xcconfig; name = "Pods-HYToolDemo.release.xcconfig"; path = "Pods/Target Support Files/Pods-HYToolDemo/Pods-HYToolDemo.release.xcconfig"; sourceTree = "<group>"; };
		8E9697FD1FABFE7C002526FE /* HYRegexTool.h */ = {isa = PBXFileReference; fileEncoding = 4; lastKnownFileType = sourcecode.c.h; path = HYRegexTool.h; sourceTree = "<group>"; };
		8E9697FE1FABFE7C002526FE /* HYRegexTool.m */ = {isa = PBXFileReference; fileEncoding = 4; lastKnownFileType = sourcecode.c.objc; path = HYRegexTool.m; sourceTree = "<group>"; };
		8ECDF2171FA71EE600477E8E /* HYToolDemo.app */ = {isa = PBXFileReference; explicitFileType = wrapper.application; includeInIndex = 0; path = HYToolDemo.app; sourceTree = BUILT_PRODUCTS_DIR; };
		8ECDF21A1FA71EE600477E8E /* AppDelegate.h */ = {isa = PBXFileReference; lastKnownFileType = sourcecode.c.h; path = AppDelegate.h; sourceTree = "<group>"; };
		8ECDF21B1FA71EE600477E8E /* AppDelegate.m */ = {isa = PBXFileReference; lastKnownFileType = sourcecode.c.objc; path = AppDelegate.m; sourceTree = "<group>"; };
		8ECDF21D1FA71EE600477E8E /* ViewController.h */ = {isa = PBXFileReference; lastKnownFileType = sourcecode.c.h; path = ViewController.h; sourceTree = "<group>"; };
		8ECDF21E1FA71EE600477E8E /* ViewController.m */ = {isa = PBXFileReference; lastKnownFileType = sourcecode.c.objc; path = ViewController.m; sourceTree = "<group>"; };
		8ECDF2211FA71EE600477E8E /* Base */ = {isa = PBXFileReference; lastKnownFileType = file.storyboard; name = Base; path = Base.lproj/Main.storyboard; sourceTree = "<group>"; };
		8ECDF2231FA71EE600477E8E /* Assets.xcassets */ = {isa = PBXFileReference; lastKnownFileType = folder.assetcatalog; path = Assets.xcassets; sourceTree = "<group>"; };
		8ECDF2261FA71EE600477E8E /* Base */ = {isa = PBXFileReference; lastKnownFileType = file.storyboard; name = Base; path = Base.lproj/LaunchScreen.storyboard; sourceTree = "<group>"; };
		8ECDF2281FA71EE600477E8E /* Info.plist */ = {isa = PBXFileReference; lastKnownFileType = text.plist.xml; path = Info.plist; sourceTree = "<group>"; };
		8ECDF2291FA71EE600477E8E /* main.m */ = {isa = PBXFileReference; lastKnownFileType = sourcecode.c.objc; path = main.m; sourceTree = "<group>"; };
		8ECDF2311FA71EFE00477E8E /* HYPathTool.h */ = {isa = PBXFileReference; lastKnownFileType = sourcecode.c.h; path = HYPathTool.h; sourceTree = "<group>"; };
		8ECDF2321FA71EFE00477E8E /* HYPathTool.m */ = {isa = PBXFileReference; lastKnownFileType = sourcecode.c.objc; path = HYPathTool.m; sourceTree = "<group>"; };
		DEAC7BBA16A56039B35E6424 /* libPods-HYToolDemo.a */ = {isa = PBXFileReference; explicitFileType = archive.ar; includeInIndex = 0; path = "libPods-HYToolDemo.a"; sourceTree = BUILT_PRODUCTS_DIR; };
/* End PBXFileReference section */

/* Begin PBXFrameworksBuildPhase section */
		8ECDF2141FA71EE600477E8E /* Frameworks */ = {
			isa = PBXFrameworksBuildPhase;
			buildActionMask = 2147483647;
			files = (
				4A00A465E4768164B94D8B03 /* libPods-HYToolDemo.a in Frameworks */,
			);
			runOnlyForDeploymentPostprocessing = 0;
		};
/* End PBXFrameworksBuildPhase section */

/* Begin PBXGroup section */
		56A597B4422AFF4FA41251CA /* Frameworks */ = {
			isa = PBXGroup;
			children = (
				DEAC7BBA16A56039B35E6424 /* libPods-HYToolDemo.a */,
			);
			name = Frameworks;
			sourceTree = "<group>";
		};
		8ECDF20E1FA71EE600477E8E = {
			isa = PBXGroup;
			children = (
				8ECDF2191FA71EE600477E8E /* HYToolDemo */,
				8ECDF2181FA71EE600477E8E /* Products */,
				901FFE5188456475BEDE54B3 /* Pods */,
				56A597B4422AFF4FA41251CA /* Frameworks */,
			);
			sourceTree = "<group>";
		};
		8ECDF2181FA71EE600477E8E /* Products */ = {
			isa = PBXGroup;
			children = (
				8ECDF2171FA71EE600477E8E /* HYToolDemo.app */,
			);
			name = Products;
			sourceTree = "<group>";
		};
		8ECDF2191FA71EE600477E8E /* HYToolDemo */ = {
			isa = PBXGroup;
			children = (
				8ECDF2301FA71EFE00477E8E /* HYTool */,
				8ECDF21A1FA71EE600477E8E /* AppDelegate.h */,
				8ECDF21B1FA71EE600477E8E /* AppDelegate.m */,
				8ECDF21D1FA71EE600477E8E /* ViewController.h */,
				8ECDF21E1FA71EE600477E8E /* ViewController.m */,
				8ECDF2201FA71EE600477E8E /* Main.storyboard */,
				8ECDF2231FA71EE600477E8E /* Assets.xcassets */,
				8ECDF2251FA71EE600477E8E /* LaunchScreen.storyboard */,
				8ECDF2281FA71EE600477E8E /* Info.plist */,
				8ECDF2291FA71EE600477E8E /* main.m */,
			);
			path = HYToolDemo;
			sourceTree = "<group>";
		};
		8ECDF2301FA71EFE00477E8E /* HYTool */ = {
			isa = PBXGroup;
			children = (
				8ECDF2311FA71EFE00477E8E /* HYPathTool.h */,
				8ECDF2321FA71EFE00477E8E /* HYPathTool.m */,
				8E9697FD1FABFE7C002526FE /* HYRegexTool.h */,
				8E9697FE1FABFE7C002526FE /* HYRegexTool.m */,
			);
			path = HYTool;
			sourceTree = "<group>";
		};
		901FFE5188456475BEDE54B3 /* Pods */ = {
			isa = PBXGroup;
			children = (
				460C1EA5490836468CE95CC0 /* Pods-HYToolDemo.debug.xcconfig */,
				88C47A1336D763C9A9899130 /* Pods-HYToolDemo.release.xcconfig */,
			);
			name = Pods;
			sourceTree = "<group>";
		};
/* End PBXGroup section */

/* Begin PBXNativeTarget section */
		8ECDF2161FA71EE600477E8E /* HYToolDemo */ = {
			isa = PBXNativeTarget;
			buildConfigurationList = 8ECDF22D1FA71EE600477E8E /* Build configuration list for PBXNativeTarget "HYToolDemo" */;
			buildPhases = (
				34ED444BCF34B33293A330C2 /* [CP] Check Pods Manifest.lock */,
				8ECDF2131FA71EE600477E8E /* Sources */,
				8ECDF2141FA71EE600477E8E /* Frameworks */,
				8ECDF2151FA71EE600477E8E /* Resources */,
				22926DFBF6B0178AB6446FCF /* [CP] Embed Pods Frameworks */,
				B7B881C715FC89163950635E /* [CP] Copy Pods Resources */,
			);
			buildRules = (
			);
			dependencies = (
			);
			name = HYToolDemo;
			productName = HYToolDemo;
			productReference = 8ECDF2171FA71EE600477E8E /* HYToolDemo.app */;
			productType = "com.apple.product-type.application";
		};
/* End PBXNativeTarget section */

/* Begin PBXProject section */
		8ECDF20F1FA71EE600477E8E /* Project object */ = {
			isa = PBXProject;
			attributes = {
				LastUpgradeCheck = 0900;
				ORGANIZATIONNAME = ocean;
				TargetAttributes = {
					8ECDF2161FA71EE600477E8E = {
						CreatedOnToolsVersion = 9.0;
						ProvisioningStyle = Automatic;
					};
				};
			};
			buildConfigurationList = 8ECDF2121FA71EE600477E8E /* Build configuration list for PBXProject "HYToolDemo" */;
			compatibilityVersion = "Xcode 8.0";
			developmentRegion = en;
			hasScannedForEncodings = 0;
			knownRegions = (
				en,
				Base,
			);
			mainGroup = 8ECDF20E1FA71EE600477E8E;
			productRefGroup = 8ECDF2181FA71EE600477E8E /* Products */;
			projectDirPath = "";
			projectRoot = "";
			targets = (
				8ECDF2161FA71EE600477E8E /* HYToolDemo */,
			);
		};
/* End PBXProject section */

/* Begin PBXResourcesBuildPhase section */
		8ECDF2151FA71EE600477E8E /* Resources */ = {
			isa = PBXResourcesBuildPhase;
			buildActionMask = 2147483647;
			files = (
				8ECDF2271FA71EE600477E8E /* LaunchScreen.storyboard in Resources */,
				8ECDF2241FA71EE600477E8E /* Assets.xcassets in Resources */,
				8ECDF2221FA71EE600477E8E /* Main.storyboard in Resources */,
			);
			runOnlyForDeploymentPostprocessing = 0;
		};
/* End PBXResourcesBuildPhase section */

/* Begin PBXShellScriptBuildPhase section */
		22926DFBF6B0178AB6446FCF /* [CP] Embed Pods Frameworks */ = {
			isa = PBXShellScriptBuildPhase;
			buildActionMask = 2147483647;
			files = (
			);
			inputPaths = (
			);
			name = "[CP] Embed Pods Frameworks";
			outputPaths = (
			);
			runOnlyForDeploymentPostprocessing = 0;
			shellPath = /bin/sh;
			shellScript = "\"${SRCROOT}/Pods/Target Support Files/Pods-HYToolDemo/Pods-HYToolDemo-frameworks.sh\"\n";
			showEnvVarsInLog = 0;
		};
		34ED444BCF34B33293A330C2 /* [CP] Check Pods Manifest.lock */ = {
			isa = PBXShellScriptBuildPhase;
			buildActionMask = 2147483647;
			files = (
			);
			inputPaths = (
			);
			name = "[CP] Check Pods Manifest.lock";
			outputPaths = (
			);
			runOnlyForDeploymentPostprocessing = 0;
			shellPath = /bin/sh;
			shellScript = "diff \"${PODS_PODFILE_DIR_PATH}/Podfile.lock\" \"${PODS_ROOT}/Manifest.lock\" > /dev/null\nif [ $? != 0 ] ; then\n    # print error to STDERR\n    echo \"error: The sandbox is not in sync with the Podfile.lock. Run 'pod install' or update your CocoaPods installation.\" >&2\n    exit 1\nfi\n";
			showEnvVarsInLog = 0;
		};
		B7B881C715FC89163950635E /* [CP] Copy Pods Resources */ = {
			isa = PBXShellScriptBuildPhase;
			buildActionMask = 2147483647;
			files = (
			);
			inputPaths = (
			);
			name = "[CP] Copy Pods Resources";
			outputPaths = (
			);
			runOnlyForDeploymentPostprocessing = 0;
			shellPath = /bin/sh;
			shellScript = "\"${SRCROOT}/Pods/Target Support Files/Pods-HYToolDemo/Pods-HYToolDemo-resources.sh\"\n";
			showEnvVarsInLog = 0;
		};
/* End PBXShellScriptBuildPhase section */

/* Begin PBXSourcesBuildPhase section */
		8ECDF2131FA71EE600477E8E /* Sources */ = {
			isa = PBXSourcesBuildPhase;
			buildActionMask = 2147483647;
			files = (
				8E9697FF1FABFE7C002526FE /* HYRegexTool.m in Sources */,
				8ECDF21F1FA71EE600477E8E /* ViewController.m in Sources */,
				8ECDF22A1FA71EE600477E8E /* main.m in Sources */,
				8ECDF21C1FA71EE600477E8E /* AppDelegate.m in Sources */,
				8ECDF2331FA71F0A00477E8E /* HYPathTool.m in Sources */,
			);
			runOnlyForDeploymentPostprocessing = 0;
		};
/* End PBXSourcesBuildPhase section */

/* Begin PBXVariantGroup section */
		8ECDF2201FA71EE600477E8E /* Main.storyboard */ = {
			isa = PBXVariantGroup;
			children = (
				8ECDF2211FA71EE600477E8E /* Base */,
			);
			name = Main.storyboard;
			sourceTree = "<group>";
		};
		8ECDF2251FA71EE600477E8E /* LaunchScreen.storyboard */ = {
			isa = PBXVariantGroup;
			children = (
				8ECDF2261FA71EE600477E8E /* Base */,
			);
			name = LaunchScreen.storyboard;
			sourceTree = "<group>";
		};
/* End PBXVariantGroup section */

/* Begin XCBuildConfiguration section */
		8ECDF22B1FA71EE600477E8E /* Debug */ = {
			isa = XCBuildConfiguration;
			buildSettings = {
				ALWAYS_SEARCH_USER_PATHS = NO;
				CLANG_ANALYZER_NONNULL = YES;
				CLANG_ANALYZER_NUMBER_OBJECT_CONVERSION = YES_AGGRESSIVE;
				CLANG_CXX_LANGUAGE_STANDARD = "gnu++14";
				CLANG_CXX_LIBRARY = "libc++";
				CLANG_ENABLE_MODULES = YES;
				CLANG_ENABLE_OBJC_ARC = YES;
				CLANG_WARN_BLOCK_CAPTURE_AUTORELEASING = YES;
				CLANG_WARN_BOOL_CONVERSION = YES;
				CLANG_WARN_COMMA = YES;
				CLANG_WARN_CONSTANT_CONVERSION = YES;
				CLANG_WARN_DIRECT_OBJC_ISA_USAGE = YES_ERROR;
				CLANG_WARN_DOCUMENTATION_COMMENTS = YES;
				CLANG_WARN_EMPTY_BODY = YES;
				CLANG_WARN_ENUM_CONVERSION = YES;
				CLANG_WARN_INFINITE_RECURSION = YES;
				CLANG_WARN_INT_CONVERSION = YES;
				CLANG_WARN_NON_LITERAL_NULL_CONVERSION = YES;
				CLANG_WARN_OBJC_LITERAL_CONVERSION = YES;
				CLANG_WARN_OBJC_ROOT_CLASS = YES_ERROR;
				CLANG_WARN_RANGE_LOOP_ANALYSIS = YES;
				CLANG_WARN_STRICT_PROTOTYPES = YES;
				CLANG_WARN_SUSPICIOUS_MOVE = YES;
				CLANG_WARN_UNGUARDED_AVAILABILITY = YES_AGGRESSIVE;
				CLANG_WARN_UNREACHABLE_CODE = YES;
				CLANG_WARN__DUPLICATE_METHOD_MATCH = YES;
				CODE_SIGN_IDENTITY = "iPhone Developer";
				COPY_PHASE_STRIP = NO;
				DEBUG_INFORMATION_FORMAT = dwarf;
				ENABLE_STRICT_OBJC_MSGSEND = YES;
				ENABLE_TESTABILITY = YES;
				GCC_C_LANGUAGE_STANDARD = gnu11;
				GCC_DYNAMIC_NO_PIC = NO;
				GCC_NO_COMMON_BLOCKS = YES;
				GCC_OPTIMIZATION_LEVEL = 0;
				GCC_PREPROCESSOR_DEFINITIONS = (
					"DEBUG=1",
					"$(inherited)",
				);
				GCC_WARN_64_TO_32_BIT_CONVERSION = YES;
				GCC_WARN_ABOUT_RETURN_TYPE = YES_ERROR;
				GCC_WARN_UNDECLARED_SELECTOR = YES;
				GCC_WARN_UNINITIALIZED_AUTOS = YES_AGGRESSIVE;
				GCC_WARN_UNUSED_FUNCTION = YES;
				GCC_WARN_UNUSED_VARIABLE = YES;
				IPHONEOS_DEPLOYMENT_TARGET = 11.0;
				MTL_ENABLE_DEBUG_INFO = YES;
				ONLY_ACTIVE_ARCH = YES;
				SDKROOT = iphoneos;
			};
			name = Debug;
		};
		8ECDF22C1FA71EE600477E8E /* Release */ = {
			isa = XCBuildConfiguration;
			buildSettings = {
				ALWAYS_SEARCH_USER_PATHS = NO;
				CLANG_ANALYZER_NONNULL = YES;
				CLANG_ANALYZER_NUMBER_OBJECT_CONVERSION = YES_AGGRESSIVE;
				CLANG_CXX_LANGUAGE_STANDARD = "gnu++14";
				CLANG_CXX_LIBRARY = "libc++";
				CLANG_ENABLE_MODULES = YES;
				CLANG_ENABLE_OBJC_ARC = YES;
				CLANG_WARN_BLOCK_CAPTURE_AUTORELEASING = YES;
				CLANG_WARN_BOOL_CONVERSION = YES;
				CLANG_WARN_COMMA = YES;
				CLANG_WARN_CONSTANT_CONVERSION = YES;
				CLANG_WARN_DIRECT_OBJC_ISA_USAGE = YES_ERROR;
				CLANG_WARN_DOCUMENTATION_COMMENTS = YES;
				CLANG_WARN_EMPTY_BODY = YES;
				CLANG_WARN_ENUM_CONVERSION = YES;
				CLANG_WARN_INFINITE_RECURSION = YES;
				CLANG_WARN_INT_CONVERSION = YES;
				CLANG_WARN_NON_LITERAL_NULL_CONVERSION = YES;
				CLANG_WARN_OBJC_LITERAL_CONVERSION = YES;
				CLANG_WARN_OBJC_ROOT_CLASS = YES_ERROR;
				CLANG_WARN_RANGE_LOOP_ANALYSIS = YES;
				CLANG_WARN_STRICT_PROTOTYPES = YES;
				CLANG_WARN_SUSPICIOUS_MOVE = YES;
				CLANG_WARN_UNGUARDED_AVAILABILITY = YES_AGGRESSIVE;
				CLANG_WARN_UNREACHABLE_CODE = YES;
				CLANG_WARN__DUPLICATE_METHOD_MATCH = YES;
				CODE_SIGN_IDENTITY = "iPhone Developer";
				COPY_PHASE_STRIP = NO;
				DEBUG_INFORMATION_FORMAT = "dwarf-with-dsym";
				ENABLE_NS_ASSERTIONS = NO;
				ENABLE_STRICT_OBJC_MSGSEND = YES;
				GCC_C_LANGUAGE_STANDARD = gnu11;
				GCC_NO_COMMON_BLOCKS = YES;
				GCC_WARN_64_TO_32_BIT_CONVERSION = YES;
				GCC_WARN_ABOUT_RETURN_TYPE = YES_ERROR;
				GCC_WARN_UNDECLARED_SELECTOR = YES;
				GCC_WARN_UNINITIALIZED_AUTOS = YES_AGGRESSIVE;
				GCC_WARN_UNUSED_FUNCTION = YES;
				GCC_WARN_UNUSED_VARIABLE = YES;
				IPHONEOS_DEPLOYMENT_TARGET = 11.0;
				MTL_ENABLE_DEBUG_INFO = NO;
				SDKROOT = iphoneos;
				VALIDATE_PRODUCT = YES;
			};
			name = Release;
		};
		8ECDF22E1FA71EE600477E8E /* Debug */ = {
			isa = XCBuildConfiguration;
			baseConfigurationReference = 460C1EA5490836468CE95CC0 /* Pods-HYToolDemo.debug.xcconfig */;
			buildSettings = {
				ASSETCATALOG_COMPILER_APPICON_NAME = AppIcon;
				CODE_SIGN_STYLE = Automatic;
				INFOPLIST_FILE = HYToolDemo/Info.plist;
				LD_RUNPATH_SEARCH_PATHS = "$(inherited) @executable_path/Frameworks";
				PRODUCT_BUNDLE_IDENTIFIER = ocean.HYToolDemo;
				PRODUCT_NAME = "$(TARGET_NAME)";
				TARGETED_DEVICE_FAMILY = "1,2";
			};
			name = Debug;
		};
		8ECDF22F1FA71EE600477E8E /* Release */ = {
			isa = XCBuildConfiguration;
			baseConfigurationReference = 88C47A1336D763C9A9899130 /* Pods-HYToolDemo.release.xcconfig */;
			buildSettings = {
				ASSETCATALOG_COMPILER_APPICON_NAME = AppIcon;
				CODE_SIGN_STYLE = Automatic;
				INFOPLIST_FILE = HYToolDemo/Info.plist;
				LD_RUNPATH_SEARCH_PATHS = "$(inherited) @executable_path/Frameworks";
				PRODUCT_BUNDLE_IDENTIFIER = ocean.HYToolDemo;
				PRODUCT_NAME = "$(TARGET_NAME)";
				TARGETED_DEVICE_FAMILY = "1,2";
			};
			name = Release;
		};
/* End XCBuildConfiguration section */

/* Begin XCConfigurationList section */
		8ECDF2121FA71EE600477E8E /* Build configuration list for PBXProject "HYToolDemo" */ = {
			isa = XCConfigurationList;
			buildConfigurations = (
				8ECDF22B1FA71EE600477E8E /* Debug */,
				8ECDF22C1FA71EE600477E8E /* Release */,
			);
			defaultConfigurationIsVisible = 0;
			defaultConfigurationName = Release;
		};
		8ECDF22D1FA71EE600477E8E /* Build configuration list for PBXNativeTarget "HYToolDemo" */ = {
			isa = XCConfigurationList;
			buildConfigurations = (
				8ECDF22E1FA71EE600477E8E /* Debug */,
				8ECDF22F1FA71EE600477E8E /* Release */,
			);
			defaultConfigurationIsVisible = 0;
			defaultConfigurationName = Release;
		};
/* End XCConfigurationList section */
	};
	rootObject = 8ECDF20F1FA71EE600477E8E /* Project object */;
}
